<?xml version="1.0" encoding="utf-8"?>
<Project ToolsVersion="4.0" xmlns="http://schemas.microsoft.com/developer/msbuild/2003">
  <ItemGroup>
    <Filter Include="Source Files">
      <UniqueIdentifier>{4FC737F1-C7A5-4376-A066-2A32D752A2FF}</UniqueIdentifier>
      <Extensions>cpp;c;cc;cxx;c++;cppm;ixx;def;odl;idl;hpj;bat;asm;asmx</Extensions>
    </Filter>
    <Filter Include="Header Files">
      <UniqueIdentifier>{93995380-89BD-4b04-88EB-625FBE52EBFB}</UniqueIdentifier>
      <Extensions>h;hh;hpp;hxx;h++;hm;inl;inc;ipp;xsd</Extensions>
    </Filter>
    <Filter Include="Resource Files">
      <UniqueIdentifier>{67DA6AB6-F800-4c08-8B7A-83BB121AAD01}</UniqueIdentifier>
      <Extensions>rc;ico;cur;bmp;dlg;rc2;rct;bin;rgs;gif;jpg;jpeg;jpe;resx;tiff;tif;png;wav;mfcribbon-ms</Extensions>
    </Filter>
  </ItemGroup>
  <ItemGroup>
    <ClInclude Include="platform.h">
      <Filter>Header Files</Filter>
    </ClInclude>
    <ClInclude Include="romulus.h">
      <Filter>Header Files</Filter>
    </ClInclude>
    <ClInclude Include="nes\ppuBus.h">
      <Filter>Header Files</Filter>
    </ClInclude>
    <ClInclude Include="nes\6502.h">
      <Filter>Header Files</Filter>
    </ClInclude>
    <ClInclude Include="nes\bus.h">
      <Filter>Header Files</Filter>
    </ClInclude>
    <ClInclude Include="nes\cartridge.h">
      <Filter>Header Files</Filter>
    </ClInclude>
    <ClInclude Include="nes\constants.h">
      <Filter>Header Files</Filter>
    </ClInclude>
    <ClInclude Include="nes\cpuBus.h">
      <Filter>Header Files</Filter>
    </ClInclude>
    <ClInclude Include="nes\cpuTrace.h">
      <Filter>Header Files</Filter>
    </ClInclude>
    <ClInclude Include="nes\nes.h">
      <Filter>Header Files</Filter>
    </ClInclude>
    <ClInclude Include="nes\ppu\ppu.h">
      <Filter>Header Files</Filter>
    </ClInclude>
    <ClInclude Include="nes\ppu\spriteRenderUnit.h">
      <Filter>Header Files</Filter>
    </ClInclude>
    <ClInclude Include="nes\apu\apu.h">
      <Filter>Header Files</Filter>
    </ClInclude>
    <ClInclude Include="nes\apu\deltaModulationChannel.h">
      <Filter>Header Files</Filter>
    </ClInclude>
    <ClInclude Include="nes\apu\envelope.h">
      <Filter>Header Files</Filter>
    </ClInclude>
    <ClInclude Include="nes\apu\noiseChannel.h">
      <Filter>Header Files</Filter>
    </ClInclude>
    <ClInclude Include="nes\apu\pulseChannel.h">
      <Filter>Header Files</Filter>
    </ClInclude>
    <ClInclude Include="nes\apu\triangleChannel.h">
      <Filter>Header Files</Filter>
    </ClInclude>
    <ClInclude Include="wavefile.h">
      <Filter>Header Files</Filter>
    </ClInclude>
    <ClInclude Include="nes\input\zapper.h">
      <Filter>Header Files</Filter>
    </ClInclude>
    <ClInclude Include="nes\input\controller.h">
      <Filter>Header Files</Filter>
    </ClInclude>
    <ClInclude Include="nes\input\inputBus.h">
      <Filter>Header Files</Filter>
    </ClInclude>
    <ClInclude Include="nes\apu\lengthCounter.h">
      <Filter>Header Files</Filter>
    </ClInclude>
    <ClInclude Include="log.h">
      <Filter>Header Files</Filter>
    </ClInclude>
  </ItemGroup>
  <ItemGroup>
    <ClCompile Include="romulus.cpp">
      <Filter>Source Files</Filter>
    </ClCompile>
    <ClCompile Include="nes\6502.cpp">
      <Filter>Source Files</Filter>
    </ClCompile>
    <ClCompile Include="nes\cartridge.cpp">
      <Filter>Source Files</Filter>
    </ClCompile>
    <ClCompile Include="nes\cpuBus.cpp">
      <Filter>Source Files</Filter>
    </ClCompile>
    <ClCompile Include="nes\cpuTrace.cpp">
      <Filter>Source Files</Filter>
    </ClCompile>
    <ClCompile Include="nes\nes.cpp">
      <Filter>Source Files</Filter>
    </ClCompile>
    <ClCompile Include="nes\ppuBus.cpp">
      <Filter>Source Files</Filter>
    </ClCompile>
    <ClCompile Include="nes\ppu\ppu.cpp">
      <Filter>Source Files</Filter>
    </ClCompile>
    <ClCompile Include="nes\ppu\spriteRenderUnit.cpp">
      <Filter>Source Files</Filter>
    </ClCompile>
    <ClCompile Include="nes\apu\apu.cpp">
      <Filter>Source Files</Filter>
    </ClCompile>
    <ClCompile Include="nes\apu\deltaModulationChannel.cpp">
      <Filter>Source Files</Filter>
    </ClCompile>
    <ClCompile Include="nes\apu\envelope.cpp">
      <Filter>Source Files</Filter>
    </ClCompile>
    <ClCompile Include="nes\apu\noiseChannel.cpp">
      <Filter>Source Files</Filter>
    </ClCompile>
    <ClCompile Include="nes\apu\pulseChannel.cpp">
      <Filter>Source Files</Filter>
    </ClCompile>
    <ClCompile Include="nes\apu\triangleChannel.cpp">
      <Filter>Source Files</Filter>
    </ClCompile>
    <ClCompile Include="wavefile.cpp">
      <Filter>Source Files</Filter>
    </ClCompile>
    <ClCompile Include="nes\input\zapper.cpp">
      <Filter>Source Files</Filter>
    </ClCompile>
    <ClCompile Include="nes\input\controller.cpp">
      <Filter>Source Files</Filter>
    </ClCompile>
    <ClCompile Include="nes\input\inputBus.cpp">
      <Filter>Source Files</Filter>
    </ClCompile>
    <ClCompile Include="nes\apu\lengthCounter.cpp">
      <Filter>Source Files</Filter>
    </ClCompile>
    <ClCompile Include="log.cpp">
      <Filter>Source Files</Filter>
    </ClCompile>
  </ItemGroup>
</Project>